
Microsoft Visual Studio Solution File, Format Version 12.00
# Visual Studio Version 17
VisualStudioVersion = 17.6.33829.357
MinimumVisualStudioVersion = 10.0.40219.1
Project("{FAE04EC0-301F-11D3-BF4B-00C04F79EFBC}") = "CleanArch.Domain", "CleanArch.Domain\CleanArch.Domain.csproj", "{DBC72AB2-E6C0-48E5-8930-FA52E3ADB27C}"
EndProject
Project("{FAE04EC0-301F-11D3-BF4B-00C04F79EFBC}") = "CleanArch.Application", "CleanArch.Application\CleanArch.Application.csproj", "{A840E109-D8D4-4F27-859B-1C7C42601F8F}"
EndProject
Project("{FAE04EC0-301F-11D3-BF4B-00C04F79EFBC}") = "CleanArch.Infrastruct", "CleanArch.Infrastruct\CleanArch.Infrastruct.csproj", "{DAB4EAA3-226A-4F0A-B8E3-3F1DA35A1468}"
EndProject
Project("{FAE04EC0-301F-11D3-BF4B-00C04F79EFBC}") = "CleanArch.CrossCutting", "CleanArch.CrossCutting\CleanArch.CrossCutting.csproj", "{B02E7551-39F9-42E7-854B-CA432BB06F14}"
EndProject
Project("{FAE04EC0-301F-11D3-BF4B-00C04F79EFBC}") = "CleanArch.API", "CleanArch.API\CleanArch.API.csproj", "{46EAA9BB-D45A-435B-875C-14524D0780D2}"
EndProject
Global
	GlobalSection(SolutionConfigurationPlatforms) = preSolution
		Debug|Any CPU = Debug|Any CPU
		Release|Any CPU = Release|Any CPU
	EndGlobalSection
	GlobalSection(ProjectConfigurationPlatforms) = postSolution
		{DBC72AB2-E6C0-48E5-8930-FA52E3ADB27C}.Debug|Any CPU.ActiveCfg = Debug|Any CPU
		{DBC72AB2-E6C0-48E5-8930-FA52E3ADB27C}.Debug|Any CPU.Build.0 = Debug|Any CPU
		{DBC72AB2-E6C0-48E5-8930-FA52E3ADB27C}.Release|Any CPU.ActiveCfg = Release|Any CPU
		{DBC72AB2-E6C0-48E5-8930-FA52E3ADB27C}.Release|Any CPU.Build.0 = Release|Any CPU
		{A840E109-D8D4-4F27-859B-1C7C42601F8F}.Debug|Any CPU.ActiveCfg = Debug|Any CPU
		{A840E109-D8D4-4F27-859B-1C7C42601F8F}.Debug|Any CPU.Build.0 = Debug|Any CPU
		{A840E109-D8D4-4F27-859B-1C7C42601F8F}.Release|Any CPU.ActiveCfg = Release|Any CPU
		{A840E109-D8D4-4F27-859B-1C7C42601F8F}.Release|Any CPU.Build.0 = Release|Any CPU
		{DAB4EAA3-226A-4F0A-B8E3-3F1DA35A1468}.Debug|Any CPU.ActiveCfg = Debug|Any CPU
		{DAB4EAA3-226A-4F0A-B8E3-3F1DA35A1468}.Debug|Any CPU.Build.0 = Debug|Any CPU
		{DAB4EAA3-226A-4F0A-B8E3-3F1DA35A1468}.Release|Any CPU.ActiveCfg = Release|Any CPU
		{DAB4EAA3-226A-4F0A-B8E3-3F1DA35A1468}.Release|Any CPU.Build.0 = Release|Any CPU
		{B02E7551-39F9-42E7-854B-CA432BB06F14}.Debug|Any CPU.ActiveCfg = Debug|Any CPU
		{B02E7551-39F9-42E7-854B-CA432BB06F14}.Debug|Any CPU.Build.0 = Debug|Any CPU
		{B02E7551-39F9-42E7-854B-CA432BB06F14}.Release|Any CPU.ActiveCfg = Release|Any CPU
		{B02E7551-39F9-42E7-854B-CA432BB06F14}.Release|Any CPU.Build.0 = Release|Any CPU
		{46EAA9BB-D45A-435B-875C-14524D0780D2}.Debug|Any CPU.ActiveCfg = Debug|Any CPU
		{46EAA9BB-D45A-435B-875C-14524D0780D2}.Debug|Any CPU.Build.0 = Debug|Any CPU
		{46EAA9BB-D45A-435B-875C-14524D0780D2}.Release|Any CPU.ActiveCfg = Release|Any CPU
		{46EAA9BB-D45A-435B-875C-14524D0780D2}.Release|Any CPU.Build.0 = Release|Any CPU
	EndGlobalSection
	GlobalSection(SolutionProperties) = preSolution
		HideSolutionNode = FALSE
	EndGlobalSection
	GlobalSection(ExtensibilityGlobals) = postSolution
		SolutionGuid = {D1533AD0-AD63-4880-83F7-17105AD47C79}
	EndGlobalSection
EndGlobal
